
Microsoft Visual Studio Solution File, Format Version 12.00
# Visual Studio Version 16
VisualStudioVersion = 16.0.29503.13
MinimumVisualStudioVersion = 10.0.40219.1
Project("{FAE04EC0-301F-11D3-BF4B-00C04F79EFBC}") = "Finastra.Hackathon.ML", "Finastra.Hackathon.ML\Finastra.Hackathon.ML.csproj", "{C602D029-69A2-4C81-A48C-9FFB5CFE85D0}"
EndProject
Project("{FAE04EC0-301F-11D3-BF4B-00C04F79EFBC}") = "Finastra.Hackathon.Web", "Finastra.Hackathon.Web\Finastra.Hackathon.Web.csproj", "{EDBF5E3F-1A64-4BA6-BC56-A54D1650BBE1}"
EndProject
Global
	GlobalSection(SolutionConfigurationPlatforms) = preSolution
		Debug|Any CPU = Debug|Any CPU
		Release|Any CPU = Release|Any CPU
	EndGlobalSection
	GlobalSection(ProjectConfigurationPlatforms) = postSolution
		{C602D029-69A2-4C81-A48C-9FFB5CFE85D0}.Debug|Any CPU.ActiveCfg = Debug|Any CPU
		{C602D029-69A2-4C81-A48C-9FFB5CFE85D0}.Debug|Any CPU.Build.0 = Debug|Any CPU
		{C602D029-69A2-4C81-A48C-9FFB5CFE85D0}.Release|Any CPU.ActiveCfg = Release|Any CPU
		{C602D029-69A2-4C81-A48C-9FFB5CFE85D0}.Release|Any CPU.Build.0 = Release|Any CPU
		{EDBF5E3F-1A64-4BA6-BC56-A54D1650BBE1}.Debug|Any CPU.ActiveCfg = Debug|Any CPU
		{EDBF5E3F-1A64-4BA6-BC56-A54D1650BBE1}.Debug|Any CPU.Build.0 = Debug|Any CPU
		{EDBF5E3F-1A64-4BA6-BC56-A54D1650BBE1}.Release|Any CPU.ActiveCfg = Release|Any CPU
		{EDBF5E3F-1A64-4BA6-BC56-A54D1650BBE1}.Release|Any CPU.Build.0 = Release|Any CPU
	EndGlobalSection
	GlobalSection(SolutionProperties) = preSolution
		HideSolutionNode = FALSE
	EndGlobalSection
	GlobalSection(ExtensibilityGlobals) = postSolution
		SolutionGuid = {9AEFD84A-4106-4106-A9F5-923F610F598B}
	EndGlobalSection
EndGlobal
